
Microsoft Visual Studio Solution File, Format Version 12.00
# Visual Studio Version 16
VisualStudioVersion = 16.0.31019.35
MinimumVisualStudioVersion = 10.0.40219.1
Project("{FAE04EC0-301F-11D3-BF4B-00C04F79EFBC}") = "Deividas Jokubauskas Pi19b Praktinis darbs 3", "Deividas Jokubauskas Pi19b Praktinis darbs 3\Deividas Jokubauskas Pi19b Praktinis darbs 3.csproj", "{726544A9-9471-4DB4-A77C-0612E2B73559}"
EndProject
Global
	GlobalSection(SolutionConfigurationPlatforms) = preSolution
		Debug|Any CPU = Debug|Any CPU
		Release|Any CPU = Release|Any CPU
	EndGlobalSection
	GlobalSection(ProjectConfigurationPlatforms) = postSolution
		{726544A9-9471-4DB4-A77C-0612E2B73559}.Debug|Any CPU.ActiveCfg = Debug|Any CPU
		{726544A9-9471-4DB4-A77C-0612E2B73559}.Debug|Any CPU.Build.0 = Debug|Any CPU
		{726544A9-9471-4DB4-A77C-0612E2B73559}.Release|Any CPU.ActiveCfg = Release|Any CPU
		{726544A9-9471-4DB4-A77C-0612E2B73559}.Release|Any CPU.Build.0 = Release|Any CPU
	EndGlobalSection
	GlobalSection(SolutionProperties) = preSolution
		HideSolutionNode = FALSE
	EndGlobalSection
	GlobalSection(ExtensibilityGlobals) = postSolution
		SolutionGuid = {09EB9B95-AAE7-4C88-BCD7-31E945DC7314}
	EndGlobalSection
EndGlobal
